
Microsoft Visual Studio Solution File, Format Version 10.00
# Visual Studio 2008
Project("{E17AB4A1-DF35-4579-9E91-0CFFBFB6391A}") = "MDDC", "MDDC.ucproj", "{BF179EFC-A682-49B6-9698-B2BD5BEEF156}"
EndProject
Global
	GlobalSection(SolutionConfigurationPlatforms) = preSolution
		Debug|Win32 = Debug|Win32
		Release|Win32 = Release|Win32
	EndGlobalSection
	GlobalSection(ProjectConfigurationPlatforms) = postSolution
		{BF179EFC-A682-49B6-9698-B2BD5BEEF156}.Debug|Win32.ActiveCfg = Debug|Win32
		{BF179EFC-A682-49B6-9698-B2BD5BEEF156}.Debug|Win32.Build.0 = Debug|Win32
		{BF179EFC-A682-49B6-9698-B2BD5BEEF156}.Release|Win32.ActiveCfg = Release|Win32
		{BF179EFC-A682-49B6-9698-B2BD5BEEF156}.Release|Win32.Build.0 = Release|Win32
	EndGlobalSection
	GlobalSection(SolutionProperties) = preSolution
		HideSolutionNode = FALSE
	EndGlobalSection
EndGlobal
